
Microsoft Visual Studio Solution File, Format Version 12.00
# Visual Studio Version 16
VisualStudioVersion = 16.0.30204.135
MinimumVisualStudioVersion = 10.0.40219.1
Project("{9A19103F-16F7-4668-BE54-9A1E7A4F7556}") = "ClaudiaCRUD", "ClaudiaCRUD\ClaudiaCRUD.csproj", "{82CBBBC2-7B92-414B-9483-34C70E971F54}"
EndProject
Project("{FAE04EC0-301F-11D3-BF4B-00C04F79EFBC}") = "ClaudiaCRUD.Tests", "ClaudiaCRUD.Tests\ClaudiaCRUD.Tests.csproj", "{7D2528DC-C5C4-4CD0-B67D-B29EEE266D63}"
EndProject
Global
	GlobalSection(SolutionConfigurationPlatforms) = preSolution
		Debug|Any CPU = Debug|Any CPU
		Release|Any CPU = Release|Any CPU
	EndGlobalSection
	GlobalSection(ProjectConfigurationPlatforms) = postSolution
		{82CBBBC2-7B92-414B-9483-34C70E971F54}.Debug|Any CPU.ActiveCfg = Debug|Any CPU
		{82CBBBC2-7B92-414B-9483-34C70E971F54}.Debug|Any CPU.Build.0 = Debug|Any CPU
		{82CBBBC2-7B92-414B-9483-34C70E971F54}.Release|Any CPU.ActiveCfg = Release|Any CPU
		{82CBBBC2-7B92-414B-9483-34C70E971F54}.Release|Any CPU.Build.0 = Release|Any CPU
		{7D2528DC-C5C4-4CD0-B67D-B29EEE266D63}.Debug|Any CPU.ActiveCfg = Debug|Any CPU
		{7D2528DC-C5C4-4CD0-B67D-B29EEE266D63}.Debug|Any CPU.Build.0 = Debug|Any CPU
		{7D2528DC-C5C4-4CD0-B67D-B29EEE266D63}.Release|Any CPU.ActiveCfg = Release|Any CPU
		{7D2528DC-C5C4-4CD0-B67D-B29EEE266D63}.Release|Any CPU.Build.0 = Release|Any CPU
	EndGlobalSection
	GlobalSection(SolutionProperties) = preSolution
		HideSolutionNode = FALSE
	EndGlobalSection
	GlobalSection(ExtensibilityGlobals) = postSolution
		SolutionGuid = {AF04B9C1-BDDF-49D7-979D-748C3C1F7A66}
	EndGlobalSection
EndGlobal
